{
  "lockfileVersion": 1,
  "dependencies": {
    "data2xml": {
      "version": "1.2.5",
      "resolved": "https://registry.npmjs.org/data2xml/-/data2xml-1.2.5.tgz",
      "integrity": "sha1-BU8dAhQDMAD0No26O7LgDPBXfck="
    },
    "lodash": {
      "version": "4.17.4",
      "resolved": "https://registry.npmjs.org/lodash/-/lodash-4.17.4.tgz",
      "integrity": "sha1-eCA6TRwyiuHYbcpkYONptX9AVa4="
    }
  }
}
