# THIS IS AN AUTOGENERATED FILE. DO NOT EDIT THIS FILE DIRECTLY.
# yarn lockfile v1


data2xml@^1.2.5:
  version "1.2.5"
  resolved "https://registry.yarnpkg.com/data2xml/-/data2xml-1.2.5.tgz#054f1d0214033000f4368dba3bb2e00cf0577dc9"

lodash@^4.17.4:
  version "4.17.4"
  resolved "https://registry.yarnpkg.com/lodash/-/lodash-4.17.4.tgz#78203a4d1c328ae1d86dca6460e369b57f4055ae"
