# THIS IS AN AUTOGENERATED FILE. DO NOT EDIT THIS FILE DIRECTLY.
# yarn lockfile v1


axios@^0.16.2:
  version "0.16.2"
  resolved "https://registry.yarnpkg.com/axios/-/axios-0.16.2.tgz#ba4f92f17167dfbab40983785454b9ac149c3c6d"
  dependencies:
    follow-redirects "^1.2.3"
    is-buffer "^1.1.5"

debug@^2.4.5:
  version "2.6.8"
  resolved "https://registry.yarnpkg.com/debug/-/debug-2.6.8.tgz#e731531ca2ede27d188222427da17821d68ff4fc"
  dependencies:
    ms "2.0.0"

follow-redirects@^1.2.3:
  version "1.2.4"
  resolved "https://registry.yarnpkg.com/follow-redirects/-/follow-redirects-1.2.4.tgz#355e8f4d16876b43f577b0d5ce2668b9723214ea"
  dependencies:
    debug "^2.4.5"

is-buffer@^1.1.5:
  version "1.1.5"
  resolved "https://registry.yarnpkg.com/is-buffer/-/is-buffer-1.1.5.tgz#1f3b26ef613b214b88cbca23cc6c01d87961eecc"

lodash.sortby@^4.7.0:
  version "4.7.0"
  resolved "https://registry.yarnpkg.com/lodash.sortby/-/lodash.sortby-4.7.0.tgz#edd14c824e2cc9c1e0b0a1b42bb5210516a42438"

ms@2.0.0:
  version "2.0.0"
  resolved "https://registry.yarnpkg.com/ms/-/ms-2.0.0.tgz#5608aeadfc00be6c2901df5f9861788de0d597c8"

tr46@~0.0.3:
  version "0.0.3"
  resolved "https://registry.yarnpkg.com/tr46/-/tr46-0.0.3.tgz#8184fd347dac9cdc185992f3a6622e14b9d9ab6a"

webidl-conversions@^4.0.1:
  version "4.0.1"
  resolved "https://registry.yarnpkg.com/webidl-conversions/-/webidl-conversions-4.0.1.tgz#8015a17ab83e7e1b311638486ace81da6ce206a0"

whatwg-url@^6.1.0:
  version "6.1.0"
  resolved "https://registry.yarnpkg.com/whatwg-url/-/whatwg-url-6.1.0.tgz#5fc8279b93d75483b9ced8b26239854847a18578"
  dependencies:
    lodash.sortby "^4.7.0"
    tr46 "~0.0.3"
    webidl-conversions "^4.0.1"
