# THIS IS AN AUTOGENERATED FILE. DO NOT EDIT THIS FILE DIRECTLY.
# yarn lockfile v1


cookie@^0.3.1:
  version "0.3.1"
  resolved "https://registry.yarnpkg.com/cookie/-/cookie-0.3.1.tgz#e7e0a1f9ef43b4c8ba925c5c5a96e806d16873bb"

js-cookie@^2.1.4:
  version "2.1.4"
  resolved "https://registry.yarnpkg.com/js-cookie/-/js-cookie-2.1.4.tgz#da4ec503866f149d164cf25f579ef31015025d8d"
