# THIS IS AN AUTOGENERATED FILE. DO NOT EDIT THIS FILE DIRECTLY.
# yarn lockfile v1


material-design-icons@^3.0.1:
  version "3.0.1"
  resolved "https://registry.yarnpkg.com/material-design-icons/-/material-design-icons-3.0.1.tgz#9a71c48747218ebca51e51a66da682038cdcb7bf"

vue-toasted@^1.1.16:
  version "1.1.16"
  resolved "https://registry.yarnpkg.com/vue-toasted/-/vue-toasted-1.1.16.tgz#fb6a0ff52080080b3159d0c367b4998cb0f600c9"
