# THIS IS AN AUTOGENERATED FILE. DO NOT EDIT THIS FILE DIRECTLY.
# yarn lockfile v1


bootstrap-vue@^0.18.0:
  version "0.18.0"
  resolved "https://registry.yarnpkg.com/bootstrap-vue/-/bootstrap-vue-0.18.0.tgz#e8570724dd0dd4cba82344aec9acd7d7b8a9dfec"
  dependencies:
    bootstrap "^4.0.0-alpha.6"
    tether latest
    vue "^2.3.3"

bootstrap@^4.0.0-alpha.6:
  version "4.0.0-alpha.6"
  resolved "https://registry.yarnpkg.com/bootstrap/-/bootstrap-4.0.0-alpha.6.tgz#4f54dd33ac0deac3b28407bc2df7ec608869c9c8"
  dependencies:
    jquery ">=1.9.1"
    tether "^1.4.0"

jquery@>=1.9.1:
  version "3.2.1"
  resolved "https://registry.yarnpkg.com/jquery/-/jquery-3.2.1.tgz#5c4d9de652af6cd0a770154a631bba12b015c787"

tether@^1.4.0, tether@latest:
  version "1.4.0"
  resolved "https://registry.yarnpkg.com/tether/-/tether-1.4.0.tgz#0f9fa171f75bf58485d8149e94799d7ae74d1c1a"

vue@^2.3.3:
  version "2.4.1"
  resolved "https://registry.yarnpkg.com/vue/-/vue-2.4.1.tgz#76e0b8eee614613532216b7bfe784e0b5695b160"
